// !$*UTF8*$!
{
	archiveVersion = 1;
	classes = {
	};
	objectVersion = 50;
	objects = {

/* Begin PBXBuildFile section */
		F81B751525F116D300E9C29F /* lswenApp.swift in Sources */ = {isa = PBXBuildFile; fileRef = F81B751425F116D300E9C29F /* lswenApp.swift */; };
		F81B751725F116D300E9C29F /* ContentView.swift in Sources */ = {isa = PBXBuildFile; fileRef = F81B751625F116D300E9C29F /* ContentView.swift */; };
		F81B751925F116D600E9C29F /* Assets.xcassets in Resources */ = {isa = PBXBuildFile; fileRef = F81B751825F116D600E9C29F /* Assets.xcassets */; };
		F81B751C25F116D600E9C29F /* Preview Assets.xcassets in Resources */ = {isa = PBXBuildFile; fileRef = F81B751B25F116D600E9C29F /* Preview Assets.xcassets */; };
		F81B752725F116D600E9C29F /* lswenTests.swift in Sources */ = {isa = PBXBuildFile; fileRef = F81B752625F116D600E9C29F /* lswenTests.swift */; };
		F81B753225F116D600E9C29F /* lswenUITests.swift in Sources */ = {isa = PBXBuildFile; fileRef = F81B753125F116D600E9C29F /* lswenUITests.swift */; };
		F81B754325F2886A00E9C29F /* str.swift in Sources */ = {isa = PBXBuildFile; fileRef = F81B754225F2886A00E9C29F /* str.swift */; };
/* End PBXBuildFile section */

/* Begin PBXContainerItemProxy section */
		F81B752325F116D600E9C29F /* PBXContainerItemProxy */ = {
			isa = PBXContainerItemProxy;
			containerPortal = F81B750925F116D300E9C29F /* Project object */;
			proxyType = 1;
			remoteGlobalIDString = F81B751025F116D300E9C29F;
			remoteInfo = lswen;
		};
		F81B752E25F116D600E9C29F /* PBXContainerItemProxy */ = {
			isa = PBXContainerItemProxy;
			containerPortal = F81B750925F116D300E9C29F /* Project object */;
			proxyType = 1;
			remoteGlobalIDString = F81B751025F116D300E9C29F;
			remoteInfo = lswen;
		};
/* End PBXContainerItemProxy section */

/* Begin PBXFileReference section */
		F81B751125F116D300E9C29F /* lswen.app */ = {isa = PBXFileReference; explicitFileType = wrapper.application; includeInIndex = 0; path = lswen.app; sourceTree = BUILT_PRODUCTS_DIR; };
		F81B751425F116D300E9C29F /* lswenApp.swift */ = {isa = PBXFileReference; lastKnownFileType = sourcecode.swift; path = lswenApp.swift; sourceTree = "<group>"; };
		F81B751625F116D300E9C29F /* ContentView.swift */ = {isa = PBXFileReference; lastKnownFileType = sourcecode.swift; path = ContentView.swift; sourceTree = "<group>"; };
		F81B751825F116D600E9C29F /* Assets.xcassets */ = {isa = PBXFileReference; lastKnownFileType = folder.assetcatalog; path = Assets.xcassets; sourceTree = "<group>"; };
		F81B751B25F116D600E9C29F /* Preview Assets.xcassets */ = {isa = PBXFileReference; lastKnownFileType = folder.assetcatalog; path = "Preview Assets.xcassets"; sourceTree = "<group>"; };
		F81B751D25F116D600E9C29F /* Info.plist */ = {isa = PBXFileReference; lastKnownFileType = text.plist.xml; path = Info.plist; sourceTree = "<group>"; };
		F81B752225F116D600E9C29F /* lswenTests.xctest */ = {isa = PBXFileReference; explicitFileType = wrapper.cfbundle; includeInIndex = 0; path = lswenTests.xctest; sourceTree = BUILT_PRODUCTS_DIR; };
		F81B752625F116D600E9C29F /* lswenTests.swift */ = {isa = PBXFileReference; lastKnownFileType = sourcecode.swift; path = lswenTests.swift; sourceTree = "<group>"; };
		F81B752825F116D600E9C29F /* Info.plist */ = {isa = PBXFileReference; lastKnownFileType = text.plist.xml; path = Info.plist; sourceTree = "<group>"; };
		F81B752D25F116D600E9C29F /* lswenUITests.xctest */ = {isa = PBXFileReference; explicitFileType = wrapper.cfbundle; includeInIndex = 0; path = lswenUITests.xctest; sourceTree = BUILT_PRODUCTS_DIR; };
		F81B753125F116D600E9C29F /* lswenUITests.swift */ = {isa = PBXFileReference; lastKnownFileType = sourcecode.swift; path = lswenUITests.swift; sourceTree = "<group>"; };
		F81B753325F116D600E9C29F /* Info.plist */ = {isa = PBXFileReference; lastKnownFileType = text.plist.xml; path = Info.plist; sourceTree = "<group>"; };
		F81B754225F2886A00E9C29F /* str.swift */ = {isa = PBXFileReference; lastKnownFileType = sourcecode.swift; path = str.swift; sourceTree = "<group>"; };
/* End PBXFileReference section */

/* Begin PBXFrameworksBuildPhase section */
		F81B750E25F116D300E9C29F /* Frameworks */ = {
			isa = PBXFrameworksBuildPhase;
			buildActionMask = 2147483647;
			files = (
			);
			runOnlyForDeploymentPostprocessing = 0;
		};
		F81B751F25F116D600E9C29F /* Frameworks */ = {
			isa = PBXFrameworksBuildPhase;
			buildActionMask = 2147483647;
			files = (
			);
			runOnlyForDeploymentPostprocessing = 0;
		};
		F81B752A25F116D600E9C29F /* Frameworks */ = {
			isa = PBXFrameworksBuildPhase;
			buildActionMask = 2147483647;
			files = (
			);
			runOnlyForDeploymentPostprocessing = 0;
		};
/* End PBXFrameworksBuildPhase section */

/* Begin PBXGroup section */
		F81B750825F116D300E9C29F = {
			isa = PBXGroup;
			children = (
				F81B751325F116D300E9C29F /* lswen */,
				F81B752525F116D600E9C29F /* lswenTests */,
				F81B753025F116D600E9C29F /* lswenUITests */,
				F81B751225F116D300E9C29F /* Products */,
			);
			sourceTree = "<group>";
		};
		F81B751225F116D300E9C29F /* Products */ = {
			isa = PBXGroup;
			children = (
				F81B751125F116D300E9C29F /* lswen.app */,
				F81B752225F116D600E9C29F /* lswenTests.xctest */,
				F81B752D25F116D600E9C29F /* lswenUITests.xctest */,
			);
			name = Products;
			sourceTree = "<group>";
		};
		F81B751325F116D300E9C29F /* lswen */ = {
			isa = PBXGroup;
			children = (
				F81B751425F116D300E9C29F /* lswenApp.swift */,
				F81B751625F116D300E9C29F /* ContentView.swift */,
				F81B754225F2886A00E9C29F /* str.swift */,
				F81B751825F116D600E9C29F /* Assets.xcassets */,
				F81B751D25F116D600E9C29F /* Info.plist */,
				F81B751A25F116D600E9C29F /* Preview Content */,
			);
			path = lswen;
			sourceTree = "<group>";
		};
		F81B751A25F116D600E9C29F /* Preview Content */ = {
			isa = PBXGroup;
			children = (
				F81B751B25F116D600E9C29F /* Preview Assets.xcassets */,
			);
			path = "Preview Content";
			sourceTree = "<group>";
		};
		F81B752525F116D600E9C29F /* lswenTests */ = {
			isa = PBXGroup;
			children = (
				F81B752625F116D600E9C29F /* lswenTests.swift */,
				F81B752825F116D600E9C29F /* Info.plist */,
			);
			path = lswenTests;
			sourceTree = "<group>";
		};
		F81B753025F116D600E9C29F /* lswenUITests */ = {
			isa = PBXGroup;
			children = (
				F81B753125F116D600E9C29F /* lswenUITests.swift */,
				F81B753325F116D600E9C29F /* Info.plist */,
			);
			path = lswenUITests;
			sourceTree = "<group>";
		};
/* End PBXGroup section */

/* Begin PBXNativeTarget section */
		F81B751025F116D300E9C29F /* lswen */ = {
			isa = PBXNativeTarget;
			buildConfigurationList = F81B753625F116D600E9C29F /* Build configuration list for PBXNativeTarget "lswen" */;
			buildPhases = (
				F81B750D25F116D300E9C29F /* Sources */,
				F81B750E25F116D300E9C29F /* Frameworks */,
				F81B750F25F116D300E9C29F /* Resources */,
			);
			buildRules = (
			);
			dependencies = (
			);
			name = lswen;
			productName = lswen;
			productReference = F81B751125F116D300E9C29F /* lswen.app */;
			productType = "com.apple.product-type.application";
		};
		F81B752125F116D600E9C29F /* lswenTests */ = {
			isa = PBXNativeTarget;
			buildConfigurationList = F81B753925F116D600E9C29F /* Build configuration list for PBXNativeTarget "lswenTests" */;
			buildPhases = (
				F81B751E25F116D600E9C29F /* Sources */,
				F81B751F25F116D600E9C29F /* Frameworks */,
				F81B752025F116D600E9C29F /* Resources */,
			);
			buildRules = (
			);
			dependencies = (
				F81B752425F116D600E9C29F /* PBXTargetDependency */,
			);
			name = lswenTests;
			productName = lswenTests;
			productReference = F81B752225F116D600E9C29F /* lswenTests.xctest */;
			productType = "com.apple.product-type.bundle.unit-test";
		};
		F81B752C25F116D600E9C29F /* lswenUITests */ = {
			isa = PBXNativeTarget;
			buildConfigurationList = F81B753C25F116D600E9C29F /* Build configuration list for PBXNativeTarget "lswenUITests" */;
			buildPhases = (
				F81B752925F116D600E9C29F /* Sources */,
				F81B752A25F116D600E9C29F /* Frameworks */,
				F81B752B25F116D600E9C29F /* Resources */,
			);
			buildRules = (
			);
			dependencies = (
				F81B752F25F116D600E9C29F /* PBXTargetDependency */,
			);
			name = lswenUITests;
			productName = lswenUITests;
			productReference = F81B752D25F116D600E9C29F /* lswenUITests.xctest */;
			productType = "com.apple.product-type.bundle.ui-testing";
		};
/* End PBXNativeTarget section */

/* Begin PBXProject section */
		F81B750925F116D300E9C29F /* Project object */ = {
			isa = PBXProject;
			attributes = {
				LastSwiftUpdateCheck = 1240;
				LastUpgradeCheck = 1240;
				TargetAttributes = {
					F81B751025F116D300E9C29F = {
						CreatedOnToolsVersion = 12.4;
					};
					F81B752125F116D600E9C29F = {
						CreatedOnToolsVersion = 12.4;
						TestTargetID = F81B751025F116D300E9C29F;
					};
					F81B752C25F116D600E9C29F = {
						CreatedOnToolsVersion = 12.4;
						TestTargetID = F81B751025F116D300E9C29F;
					};
				};
			};
			buildConfigurationList = F81B750C25F116D300E9C29F /* Build configuration list for PBXProject "lswen" */;
			compatibilityVersion = "Xcode 9.3";
			developmentRegion = en;
			hasScannedForEncodings = 0;
			knownRegions = (
				en,
				Base,
			);
			mainGroup = F81B750825F116D300E9C29F;
			productRefGroup = F81B751225F116D300E9C29F /* Products */;
			projectDirPath = "";
			projectRoot = "";
			targets = (
				F81B751025F116D300E9C29F /* lswen */,
				F81B752125F116D600E9C29F /* lswenTests */,
				F81B752C25F116D600E9C29F /* lswenUITests */,
			);
		};
/* End PBXProject section */

/* Begin PBXResourcesBuildPhase section */
		F81B750F25F116D300E9C29F /* Resources */ = {
			isa = PBXResourcesBuildPhase;
			buildActionMask = 2147483647;
			files = (
				F81B751C25F116D600E9C29F /* Preview Assets.xcassets in Resources */,
				F81B751925F116D600E9C29F /* Assets.xcassets in Resources */,
			);
			runOnlyForDeploymentPostprocessing = 0;
		};
		F81B752025F116D600E9C29F /* Resources */ = {
			isa = PBXResourcesBuildPhase;
			buildActionMask = 2147483647;
			files = (
			);
			runOnlyForDeploymentPostprocessing = 0;
		};
		F81B752B25F116D600E9C29F /* Resources */ = {
			isa = PBXResourcesBuildPhase;
			buildActionMask = 2147483647;
			files = (
			);
			runOnlyForDeploymentPostprocessing = 0;
		};
/* End PBXResourcesBuildPhase section */

/* Begin PBXSourcesBuildPhase section */
		F81B750D25F116D300E9C29F /* Sources */ = {
			isa = PBXSourcesBuildPhase;
			buildActionMask = 2147483647;
			files = (
				F81B751725F116D300E9C29F /* ContentView.swift in Sources */,
				F81B754325F2886A00E9C29F /* str.swift in Sources */,
				F81B751525F116D300E9C29F /* lswenApp.swift in Sources */,
			);
			runOnlyForDeploymentPostprocessing = 0;
		};
		F81B751E25F116D600E9C29F /* Sources */ = {
			isa = PBXSourcesBuildPhase;
			buildActionMask = 2147483647;
			files = (
				F81B752725F116D600E9C29F /* lswenTests.swift in Sources */,
			);
			runOnlyForDeploymentPostprocessing = 0;
		};
		F81B752925F116D600E9C29F /* Sources */ = {
			isa = PBXSourcesBuildPhase;
			buildActionMask = 2147483647;
			files = (
				F81B753225F116D600E9C29F /* lswenUITests.swift in Sources */,
			);
			runOnlyForDeploymentPostprocessing = 0;
		};
/* End PBXSourcesBuildPhase section */

/* Begin PBXTargetDependency section */
		F81B752425F116D600E9C29F /* PBXTargetDependency */ = {
			isa = PBXTargetDependency;
			target = F81B751025F116D300E9C29F /* lswen */;
			targetProxy = F81B752325F116D600E9C29F /* PBXContainerItemProxy */;
		};
		F81B752F25F116D600E9C29F /* PBXTargetDependency */ = {
			isa = PBXTargetDependency;
			target = F81B751025F116D300E9C29F /* lswen */;
			targetProxy = F81B752E25F116D600E9C29F /* PBXContainerItemProxy */;
		};
/* End PBXTargetDependency section */

/* Begin XCBuildConfiguration section */
		F81B753425F116D600E9C29F /* Debug */ = {
			isa = XCBuildConfiguration;
			buildSettings = {
				ALWAYS_SEARCH_USER_PATHS = NO;
				CLANG_ANALYZER_NONNULL = YES;
				CLANG_ANALYZER_NUMBER_OBJECT_CONVERSION = YES_AGGRESSIVE;
				CLANG_CXX_LANGUAGE_STANDARD = "gnu++14";
				CLANG_CXX_LIBRARY = "libc++";
				CLANG_ENABLE_MODULES = YES;
				CLANG_ENABLE_OBJC_ARC = YES;
				CLANG_ENABLE_OBJC_WEAK = YES;
				CLANG_WARN_BLOCK_CAPTURE_AUTORELEASING = YES;
				CLANG_WARN_BOOL_CONVERSION = YES;
				CLANG_WARN_COMMA = YES;
				CLANG_WARN_CONSTANT_CONVERSION = YES;
				CLANG_WARN_DEPRECATED_OBJC_IMPLEMENTATIONS = YES;
				CLANG_WARN_DIRECT_OBJC_ISA_USAGE = YES_ERROR;
				CLANG_WARN_DOCUMENTATION_COMMENTS = YES;
				CLANG_WARN_EMPTY_BODY = YES;
				CLANG_WARN_ENUM_CONVERSION = YES;
				CLANG_WARN_INFINITE_RECURSION = YES;
				CLANG_WARN_INT_CONVERSION = YES;
				CLANG_WARN_NON_LITERAL_NULL_CONVERSION = YES;
				CLANG_WARN_OBJC_IMPLICIT_RETAIN_SELF = YES;
				CLANG_WARN_OBJC_LITERAL_CONVERSION = YES;
				CLANG_WARN_OBJC_ROOT_CLASS = YES_ERROR;
				CLANG_WARN_QUOTED_INCLUDE_IN_FRAMEWORK_HEADER = YES;
				CLANG_WARN_RANGE_LOOP_ANALYSIS = YES;
				CLANG_WARN_STRICT_PROTOTYPES = YES;
				CLANG_WARN_SUSPICIOUS_MOVE = YES;
				CLANG_WARN_UNGUARDED_AVAILABILITY = YES_AGGRESSIVE;
				CLANG_WARN_UNREACHABLE_CODE = YES;
				CLANG_WARN__DUPLICATE_METHOD_MATCH = YES;
				COPY_PHASE_STRIP = NO;
				DEBUG_INFORMATION_FORMAT = dwarf;
				ENABLE_STRICT_OBJC_MSGSEND = YES;
				ENABLE_TESTABILITY = YES;
				GCC_C_LANGUAGE_STANDARD = gnu11;
				GCC_DYNAMIC_NO_PIC = NO;
				GCC_NO_COMMON_BLOCKS = YES;
				GCC_OPTIMIZATION_LEVEL = 0;
				GCC_PREPROCESSOR_DEFINITIONS = (
					"DEBUG=1",
					"$(inherited)",
				);
				GCC_WARN_64_TO_32_BIT_CONVERSION = YES;
				GCC_WARN_ABOUT_RETURN_TYPE = YES_ERROR;
				GCC_WARN_UNDECLARED_SELECTOR = YES;
				GCC_WARN_UNINITIALIZED_AUTOS = YES_AGGRESSIVE;
				GCC_WARN_UNUSED_FUNCTION = YES;
				GCC_WARN_UNUSED_VARIABLE = YES;
				IPHONEOS_DEPLOYMENT_TARGET = 14.4;
				MTL_ENABLE_DEBUG_INFO = INCLUDE_SOURCE;
				MTL_FAST_MATH = YES;
				ONLY_ACTIVE_ARCH = YES;
				SDKROOT = iphoneos;
				SWIFT_ACTIVE_COMPILATION_CONDITIONS = DEBUG;
				SWIFT_OPTIMIZATION_LEVEL = "-Onone";
			};
			name = Debug;
		};
		F81B753525F116D600E9C29F /* Release */ = {
			isa = XCBuildConfiguration;
			buildSettings = {
				ALWAYS_SEARCH_USER_PATHS = NO;
				CLANG_ANALYZER_NONNULL = YES;
				CLANG_ANALYZER_NUMBER_OBJECT_CONVERSION = YES_AGGRESSIVE;
				CLANG_CXX_LANGUAGE_STANDARD = "gnu++14";
				CLANG_CXX_LIBRARY = "libc++";
				CLANG_ENABLE_MODULES = YES;
				CLANG_ENABLE_OBJC_ARC = YES;
				CLANG_ENABLE_OBJC_WEAK = YES;
				CLANG_WARN_BLOCK_CAPTURE_AUTORELEASING = YES;
				CLANG_WARN_BOOL_CONVERSION = YES;
				CLANG_WARN_COMMA = YES;
				CLANG_WARN_CONSTANT_CONVERSION = YES;
				CLANG_WARN_DEPRECATED_OBJC_IMPLEMENTATIONS = YES;
				CLANG_WARN_DIRECT_OBJC_ISA_USAGE = YES_ERROR;
				CLANG_WARN_DOCUMENTATION_COMMENTS = YES;
				CLANG_WARN_EMPTY_BODY = YES;
				CLANG_WARN_ENUM_CONVERSION = YES;
				CLANG_WARN_INFINITE_RECURSION = YES;
				CLANG_WARN_INT_CONVERSION = YES;
				CLANG_WARN_NON_LITERAL_NULL_CONVERSION = YES;
				CLANG_WARN_OBJC_IMPLICIT_RETAIN_SELF = YES;
				CLANG_WARN_OBJC_LITERAL_CONVERSION = YES;
				CLANG_WARN_OBJC_ROOT_CLASS = YES_ERROR;
				CLANG_WARN_QUOTED_INCLUDE_IN_FRAMEWORK_HEADER = YES;
				CLANG_WARN_RANGE_LOOP_ANALYSIS = YES;
				CLANG_WARN_STRICT_PROTOTYPES = YES;
				CLANG_WARN_SUSPICIOUS_MOVE = YES;
				CLANG_WARN_UNGUARDED_AVAILABILITY = YES_AGGRESSIVE;
				CLANG_WARN_UNREACHABLE_CODE = YES;
				CLANG_WARN__DUPLICATE_METHOD_MATCH = YES;
				COPY_PHASE_STRIP = NO;
				DEBUG_INFORMATION_FORMAT = "dwarf-with-dsym";
				ENABLE_NS_ASSERTIONS = NO;
				ENABLE_STRICT_OBJC_MSGSEND = YES;
				GCC_C_LANGUAGE_STANDARD = gnu11;
				GCC_NO_COMMON_BLOCKS = YES;
				GCC_WARN_64_TO_32_BIT_CONVERSION = YES;
				GCC_WARN_ABOUT_RETURN_TYPE = YES_ERROR;
				GCC_WARN_UNDECLARED_SELECTOR = YES;
				GCC_WARN_UNINITIALIZED_AUTOS = YES_AGGRESSIVE;
				GCC_WARN_UNUSED_FUNCTION = YES;
				GCC_WARN_UNUSED_VARIABLE = YES;
				IPHONEOS_DEPLOYMENT_TARGET = 14.4;
				MTL_ENABLE_DEBUG_INFO = NO;
				MTL_FAST_MATH = YES;
				SDKROOT = iphoneos;
				SWIFT_COMPILATION_MODE = wholemodule;
				SWIFT_OPTIMIZATION_LEVEL = "-O";
				VALIDATE_PRODUCT = YES;
			};
			name = Release;
		};
		F81B753725F116D600E9C29F /* Debug */ = {
			isa = XCBuildConfiguration;
			buildSettings = {
				ASSETCATALOG_COMPILER_APPICON_NAME = AppIcon;
				ASSETCATALOG_COMPILER_GLOBAL_ACCENT_COLOR_NAME = AccentColor;
				CODE_SIGN_STYLE = Automatic;
				DEVELOPMENT_ASSET_PATHS = "\"lswen/Preview Content\"";
				ENABLE_PREVIEWS = YES;
				INFOPLIST_FILE = lswen/Info.plist;
				IPHONEOS_DEPLOYMENT_TARGET = 14.0;
				LD_RUNPATH_SEARCH_PATHS = (
					"$(inherited)",
					"@executable_path/Frameworks",
				);
				PRODUCT_BUNDLE_IDENTIFIER = lswen.lswen;
				PRODUCT_NAME = "$(TARGET_NAME)";
				SWIFT_VERSION = 5.0;
				TARGETED_DEVICE_FAMILY = "1,2";
			};
			name = Debug;
		};
		F81B753825F116D600E9C29F /* Release */ = {
			isa = XCBuildConfiguration;
			buildSettings = {
				ASSETCATALOG_COMPILER_APPICON_NAME = AppIcon;
				ASSETCATALOG_COMPILER_GLOBAL_ACCENT_COLOR_NAME = AccentColor;
				CODE_SIGN_STYLE = Automatic;
				DEVELOPMENT_ASSET_PATHS = "\"lswen/Preview Content\"";
				ENABLE_PREVIEWS = YES;
				INFOPLIST_FILE = lswen/Info.plist;
				IPHONEOS_DEPLOYMENT_TARGET = 14.0;
				LD_RUNPATH_SEARCH_PATHS = (
					"$(inherited)",
					"@executable_path/Frameworks",
				);
				PRODUCT_BUNDLE_IDENTIFIER = lswen.lswen;
				PRODUCT_NAME = "$(TARGET_NAME)";
				SWIFT_VERSION = 5.0;
				TARGETED_DEVICE_FAMILY = "1,2";
			};
			name = Release;
		};
		F81B753A25F116D600E9C29F /* Debug */ = {
			isa = XCBuildConfiguration;
			buildSettings = {
				ALWAYS_EMBED_SWIFT_STANDARD_LIBRARIES = YES;
				BUNDLE_LOADER = "$(TEST_HOST)";
				CODE_SIGN_STYLE = Automatic;
				INFOPLIST_FILE = lswenTests/Info.plist;
				IPHONEOS_DEPLOYMENT_TARGET = 14.0;
				LD_RUNPATH_SEARCH_PATHS = (
					"$(inherited)",
					"@executable_path/Frameworks",
					"@loader_path/Frameworks",
				);
				PRODUCT_BUNDLE_IDENTIFIER = lswen.lswenTests;
				PRODUCT_NAME = "$(TARGET_NAME)";
				SWIFT_VERSION = 5.0;
				TARGETED_DEVICE_FAMILY = "1,2";
				TEST_HOST = "$(BUILT_PRODUCTS_DIR)/lswen.app/lswen";
			};
			name = Debug;
		};
		F81B753B25F116D600E9C29F /* Release */ = {
			isa = XCBuildConfiguration;
			buildSettings = {
				ALWAYS_EMBED_SWIFT_STANDARD_LIBRARIES = YES;
				BUNDLE_LOADER = "$(TEST_HOST)";
				CODE_SIGN_STYLE = Automatic;
				INFOPLIST_FILE = lswenTests/Info.plist;
				IPHONEOS_DEPLOYMENT_TARGET = 14.0;
				LD_RUNPATH_SEARCH_PATHS = (
					"$(inherited)",
					"@executable_path/Frameworks",
					"@loader_path/Frameworks",
				);
				PRODUCT_BUNDLE_IDENTIFIER = lswen.lswenTests;
				PRODUCT_NAME = "$(TARGET_NAME)";
				SWIFT_VERSION = 5.0;
				TARGETED_DEVICE_FAMILY = "1,2";
				TEST_HOST = "$(BUILT_PRODUCTS_DIR)/lswen.app/lswen";
			};
			name = Release;
		};
		F81B753D25F116D600E9C29F /* Debug */ = {
			isa = XCBuildConfiguration;
			buildSettings = {
				ALWAYS_EMBED_SWIFT_STANDARD_LIBRARIES = YES;
				CODE_SIGN_STYLE = Automatic;
				INFOPLIST_FILE = lswenUITests/Info.plist;
				LD_RUNPATH_SEARCH_PATHS = (
					"$(inherited)",
					"@executable_path/Frameworks",
					"@loader_path/Frameworks",
				);
				PRODUCT_BUNDLE_IDENTIFIER = lswen.lswenUITests;
				PRODUCT_NAME = "$(TARGET_NAME)";
				SWIFT_VERSION = 5.0;
				TARGETED_DEVICE_FAMILY = "1,2";
				TEST_TARGET_NAME = lswen;
			};
			name = Debug;
		};
		F81B753E25F116D600E9C29F /* Release */ = {
			isa = XCBuildConfiguration;
			buildSettings = {
				ALWAYS_EMBED_SWIFT_STANDARD_LIBRARIES = YES;
				CODE_SIGN_STYLE = Automatic;
				INFOPLIST_FILE = lswenUITests/Info.plist;
				LD_RUNPATH_SEARCH_PATHS = (
					"$(inherited)",
					"@executable_path/Frameworks",
					"@loader_path/Frameworks",
				);
				PRODUCT_BUNDLE_IDENTIFIER = lswen.lswenUITests;
				PRODUCT_NAME = "$(TARGET_NAME)";
				SWIFT_VERSION = 5.0;
				TARGETED_DEVICE_FAMILY = "1,2";
				TEST_TARGET_NAME = lswen;
			};
			name = Release;
		};
/* End XCBuildConfiguration section */

/* Begin XCConfigurationList section */
		F81B750C25F116D300E9C29F /* Build configuration list for PBXProject "lswen" */ = {
			isa = XCConfigurationList;
			buildConfigurations = (
				F81B753425F116D600E9C29F /* Debug */,
				F81B753525F116D600E9C29F /* Release */,
			);
			defaultConfigurationIsVisible = 0;
			defaultConfigurationName = Release;
		};
		F81B753625F116D600E9C29F /* Build configuration list for PBXNativeTarget "lswen" */ = {
			isa = XCConfigurationList;
			buildConfigurations = (
				F81B753725F116D600E9C29F /* Debug */,
				F81B753825F116D600E9C29F /* Release */,
			);
			defaultConfigurationIsVisible = 0;
			defaultConfigurationName = Release;
		};
		F81B753925F116D600E9C29F /* Build configuration list for PBXNativeTarget "lswenTests" */ = {
			isa = XCConfigurationList;
			buildConfigurations = (
				F81B753A25F116D600E9C29F /* Debug */,
				F81B753B25F116D600E9C29F /* Release */,
			);
			defaultConfigurationIsVisible = 0;
			defaultConfigurationName = Release;
		};
		F81B753C25F116D600E9C29F /* Build configuration list for PBXNativeTarget "lswenUITests" */ = {
			isa = XCConfigurationList;
			buildConfigurations = (
				F81B753D25F116D600E9C29F /* Debug */,
				F81B753E25F116D600E9C29F /* Release */,
			);
			defaultConfigurationIsVisible = 0;
			defaultConfigurationName = Release;
		};
/* End XCConfigurationList section */
	};
	rootObject = F81B750925F116D300E9C29F /* Project object */;
}
